// !$*UTF8*$!
{
	archiveVersion = 1;
	classes = {
	};
	objectVersion = 77;
	objects = {

/* Begin PBXContainerItemProxy section */
		96348CA02E34DFE900C75FA3 /* PBXContainerItemProxy */ = {
			isa = PBXContainerItemProxy;
			containerPortal = 96348C872E34DFE700C75FA3 /* Project object */;
			proxyType = 1;
			remoteGlobalIDString = 96348C8E2E34DFE700C75FA3;
			remoteInfo = InstagramStoriesApp;
		};
		96348CAA2E34DFE900C75FA3 /* PBXContainerItemProxy */ = {
			isa = PBXContainerItemProxy;
			containerPortal = 96348C872E34DFE700C75FA3 /* Project object */;
			proxyType = 1;
			remoteGlobalIDString = 96348C8E2E34DFE700C75FA3;
			remoteInfo = InstagramStoriesApp;
		};
/* End PBXContainerItemProxy section */

/* Begin PBXFileReference section */
		96348C8F2E34DFE700C75FA3 /* InstagramStoriesApp.app */ = {isa = PBXFileReference; explicitFileType = wrapper.application; includeInIndex = 0; path = InstagramStoriesApp.app; sourceTree = BUILT_PRODUCTS_DIR; };
		96348C9F2E34DFE900C75FA3 /* InstagramStoriesAppTests.xctest */ = {isa = PBXFileReference; explicitFileType = wrapper.cfbundle; includeInIndex = 0; path = InstagramStoriesAppTests.xctest; sourceTree = BUILT_PRODUCTS_DIR; };
		96348CA92E34DFE900C75FA3 /* InstagramStoriesAppUITests.xctest */ = {isa = PBXFileReference; explicitFileType = wrapper.cfbundle; includeInIndex = 0; path = InstagramStoriesAppUITests.xctest; sourceTree = BUILT_PRODUCTS_DIR; };
/* End PBXFileReference section */

/* Begin PBXFileSystemSynchronizedRootGroup section */
		96348C912E34DFE700C75FA3 /* InstagramStoriesApp */ = {
			isa = PBXFileSystemSynchronizedRootGroup;
			path = InstagramStoriesApp;
			sourceTree = "<group>";
		};
		96348CA22E34DFE900C75FA3 /* InstagramStoriesAppTests */ = {
			isa = PBXFileSystemSynchronizedRootGroup;
			path = InstagramStoriesAppTests;
			sourceTree = "<group>";
		};
		96348CAC2E34DFE900C75FA3 /* InstagramStoriesAppUITests */ = {
			isa = PBXFileSystemSynchronizedRootGroup;
			path = InstagramStoriesAppUITests;
			sourceTree = "<group>";
		};
/* End PBXFileSystemSynchronizedRootGroup section */

/* Begin PBXFrameworksBuildPhase section */
		96348C8C2E34DFE700C75FA3 /* Frameworks */ = {
			isa = PBXFrameworksBuildPhase;
			buildActionMask = 2147483647;
			files = (
			);
			runOnlyForDeploymentPostprocessing = 0;
		};
		96348C9C2E34DFE900C75FA3 /* Frameworks */ = {
			isa = PBXFrameworksBuildPhase;
			buildActionMask = 2147483647;
			files = (
			);
			runOnlyForDeploymentPostprocessing = 0;
		};
		96348CA62E34DFE900C75FA3 /* Frameworks */ = {
			isa = PBXFrameworksBuildPhase;
			buildActionMask = 2147483647;
			files = (
			);
			runOnlyForDeploymentPostprocessing = 0;
		};
/* End PBXFrameworksBuildPhase section */

/* Begin PBXGroup section */
		96348C862E34DFE700C75FA3 = {
			isa = PBXGroup;
			children = (
				96348C912E34DFE700C75FA3 /* InstagramStoriesApp */,
				96348CA22E34DFE900C75FA3 /* InstagramStoriesAppTests */,
				96348CAC2E34DFE900C75FA3 /* InstagramStoriesAppUITests */,
				96348C902E34DFE700C75FA3 /* Products */,
			);
			sourceTree = "<group>";
		};
		96348C902E34DFE700C75FA3 /* Products */ = {
			isa = PBXGroup;
			children = (
				96348C8F2E34DFE700C75FA3 /* InstagramStoriesApp.app */,
				96348C9F2E34DFE900C75FA3 /* InstagramStoriesAppTests.xctest */,
				96348CA92E34DFE900C75FA3 /* InstagramStoriesAppUITests.xctest */,
			);
			name = Products;
			sourceTree = "<group>";
		};
/* End PBXGroup section */

/* Begin PBXNativeTarget section */
		96348C8E2E34DFE700C75FA3 /* InstagramStoriesApp */ = {
			isa = PBXNativeTarget;
			buildConfigurationList = 96348CB32E34DFE900C75FA3 /* Build configuration list for PBXNativeTarget "InstagramStoriesApp" */;
			buildPhases = (
				96348C8B2E34DFE700C75FA3 /* Sources */,
				96348C8C2E34DFE700C75FA3 /* Frameworks */,
				96348C8D2E34DFE700C75FA3 /* Resources */,
			);
			buildRules = (
			);
			dependencies = (
			);
			fileSystemSynchronizedGroups = (
				96348C912E34DFE700C75FA3 /* InstagramStoriesApp */,
			);
			name = InstagramStoriesApp;
			packageProductDependencies = (
			);
			productName = InstagramStoriesApp;
			productReference = 96348C8F2E34DFE700C75FA3 /* InstagramStoriesApp.app */;
			productType = "com.apple.product-type.application";
		};
		96348C9E2E34DFE900C75FA3 /* InstagramStoriesAppTests */ = {
			isa = PBXNativeTarget;
			buildConfigurationList = 96348CB62E34DFE900C75FA3 /* Build configuration list for PBXNativeTarget "InstagramStoriesAppTests" */;
			buildPhases = (
				96348C9B2E34DFE900C75FA3 /* Sources */,
				96348C9C2E34DFE900C75FA3 /* Frameworks */,
				96348C9D2E34DFE900C75FA3 /* Resources */,
			);
			buildRules = (
			);
			dependencies = (
				96348CA12E34DFE900C75FA3 /* PBXTargetDependency */,
			);
			fileSystemSynchronizedGroups = (
				96348CA22E34DFE900C75FA3 /* InstagramStoriesAppTests */,
			);
			name = InstagramStoriesAppTests;
			packageProductDependencies = (
			);
			productName = InstagramStoriesAppTests;
			productReference = 96348C9F2E34DFE900C75FA3 /* InstagramStoriesAppTests.xctest */;
			productType = "com.apple.product-type.bundle.unit-test";
		};
		96348CA82E34DFE900C75FA3 /* InstagramStoriesAppUITests */ = {
			isa = PBXNativeTarget;
			buildConfigurationList = 96348CB92E34DFE900C75FA3 /* Build configuration list for PBXNativeTarget "InstagramStoriesAppUITests" */;
			buildPhases = (
				96348CA52E34DFE900C75FA3 /* Sources */,
				96348CA62E34DFE900C75FA3 /* Frameworks */,
				96348CA72E34DFE900C75FA3 /* Resources */,
			);
			buildRules = (
			);
			dependencies = (
				96348CAB2E34DFE900C75FA3 /* PBXTargetDependency */,
			);
			fileSystemSynchronizedGroups = (
				96348CAC2E34DFE900C75FA3 /* InstagramStoriesAppUITests */,
			);
			name = InstagramStoriesAppUITests;
			packageProductDependencies = (
			);
			productName = InstagramStoriesAppUITests;
			productReference = 96348CA92E34DFE900C75FA3 /* InstagramStoriesAppUITests.xctest */;
			productType = "com.apple.product-type.bundle.ui-testing";
		};
/* End PBXNativeTarget section */

/* Begin PBXProject section */
		96348C872E34DFE700C75FA3 /* Project object */ = {
			isa = PBXProject;
			attributes = {
				BuildIndependentTargetsInParallel = 1;
				LastSwiftUpdateCheck = 1600;
				LastUpgradeCheck = 1600;
				TargetAttributes = {
					96348C8E2E34DFE700C75FA3 = {
						CreatedOnToolsVersion = 16.0;
					};
					96348C9E2E34DFE900C75FA3 = {
						CreatedOnToolsVersion = 16.0;
						TestTargetID = 96348C8E2E34DFE700C75FA3;
					};
					96348CA82E34DFE900C75FA3 = {
						CreatedOnToolsVersion = 16.0;
						TestTargetID = 96348C8E2E34DFE700C75FA3;
					};
				};
			};
			buildConfigurationList = 96348C8A2E34DFE700C75FA3 /* Build configuration list for PBXProject "InstagramStoriesApp" */;
			developmentRegion = en;
			hasScannedForEncodings = 0;
			knownRegions = (
				en,
				Base,
			);
			mainGroup = 96348C862E34DFE700C75FA3;
			minimizedProjectReferenceProxies = 1;
			preferredProjectObjectVersion = 77;
			productRefGroup = 96348C902E34DFE700C75FA3 /* Products */;
			projectDirPath = "";
			projectRoot = "";
			targets = (
				96348C8E2E34DFE700C75FA3 /* InstagramStoriesApp */,
				96348C9E2E34DFE900C75FA3 /* InstagramStoriesAppTests */,
				96348CA82E34DFE900C75FA3 /* InstagramStoriesAppUITests */,
			);
		};
/* End PBXProject section */

/* Begin PBXResourcesBuildPhase section */
		96348C8D2E34DFE700C75FA3 /* Resources */ = {
			isa = PBXResourcesBuildPhase;
			buildActionMask = 2147483647;
			files = (
			);
			runOnlyForDeploymentPostprocessing = 0;
		};
		96348C9D2E34DFE900C75FA3 /* Resources */ = {
			isa = PBXResourcesBuildPhase;
			buildActionMask = 2147483647;
			files = (
			);
			runOnlyForDeploymentPostprocessing = 0;
		};
		96348CA72E34DFE900C75FA3 /* Resources */ = {
			isa = PBXResourcesBuildPhase;
			buildActionMask = 2147483647;
			files = (
			);
			runOnlyForDeploymentPostprocessing = 0;
		};
/* End PBXResourcesBuildPhase section */

/* Begin PBXSourcesBuildPhase section */
		96348C8B2E34DFE700C75FA3 /* Sources */ = {
			isa = PBXSourcesBuildPhase;
			buildActionMask = 2147483647;
			files = (
			);
			runOnlyForDeploymentPostprocessing = 0;
		};
		96348C9B2E34DFE900C75FA3 /* Sources */ = {
			isa = PBXSourcesBuildPhase;
			buildActionMask = 2147483647;
			files = (
			);
			runOnlyForDeploymentPostprocessing = 0;
		};
		96348CA52E34DFE900C75FA3 /* Sources */ = {
			isa = PBXSourcesBuildPhase;
			buildActionMask = 2147483647;
			files = (
			);
			runOnlyForDeploymentPostprocessing = 0;
		};
/* End PBXSourcesBuildPhase section */

/* Begin PBXTargetDependency section */
		96348CA12E34DFE900C75FA3 /* PBXTargetDependency */ = {
			isa = PBXTargetDependency;
			target = 96348C8E2E34DFE700C75FA3 /* InstagramStoriesApp */;
			targetProxy = 96348CA02E34DFE900C75FA3 /* PBXContainerItemProxy */;
		};
		96348CAB2E34DFE900C75FA3 /* PBXTargetDependency */ = {
			isa = PBXTargetDependency;
			target = 96348C8E2E34DFE700C75FA3 /* InstagramStoriesApp */;
			targetProxy = 96348CAA2E34DFE900C75FA3 /* PBXContainerItemProxy */;
		};
/* End PBXTargetDependency section */

/* Begin XCBuildConfiguration section */
		96348CB12E34DFE900C75FA3 /* Debug */ = {
			isa = XCBuildConfiguration;
			buildSettings = {
				ALWAYS_SEARCH_USER_PATHS = NO;
				ASSETCATALOG_COMPILER_GENERATE_SWIFT_ASSET_SYMBOL_EXTENSIONS = YES;
				CLANG_ANALYZER_NONNULL = YES;
				CLANG_ANALYZER_NUMBER_OBJECT_CONVERSION = YES_AGGRESSIVE;
				CLANG_CXX_LANGUAGE_STANDARD = "gnu++20";
				CLANG_ENABLE_MODULES = YES;
				CLANG_ENABLE_OBJC_ARC = YES;
				CLANG_ENABLE_OBJC_WEAK = YES;
				CLANG_WARN_BLOCK_CAPTURE_AUTORELEASING = YES;
				CLANG_WARN_BOOL_CONVERSION = YES;
				CLANG_WARN_COMMA = YES;
				CLANG_WARN_CONSTANT_CONVERSION = YES;
				CLANG_WARN_DEPRECATED_OBJC_IMPLEMENTATIONS = YES;
				CLANG_WARN_DIRECT_OBJC_ISA_USAGE = YES_ERROR;
				CLANG_WARN_DOCUMENTATION_COMMENTS = YES;
				CLANG_WARN_EMPTY_BODY = YES;
				CLANG_WARN_ENUM_CONVERSION = YES;
				CLANG_WARN_INFINITE_RECURSION = YES;
				CLANG_WARN_INT_CONVERSION = YES;
				CLANG_WARN_NON_LITERAL_NULL_CONVERSION = YES;
				CLANG_WARN_OBJC_IMPLICIT_RETAIN_SELF = YES;
				CLANG_WARN_OBJC_LITERAL_CONVERSION = YES;
				CLANG_WARN_OBJC_ROOT_CLASS = YES_ERROR;
				CLANG_WARN_QUOTED_INCLUDE_IN_FRAMEWORK_HEADER = YES;
				CLANG_WARN_RANGE_LOOP_ANALYSIS = YES;
				CLANG_WARN_STRICT_PROTOTYPES = YES;
				CLANG_WARN_SUSPICIOUS_MOVE = YES;
				CLANG_WARN_UNGUARDED_AVAILABILITY = YES_AGGRESSIVE;
				CLANG_WARN_UNREACHABLE_CODE = YES;
				CLANG_WARN__DUPLICATE_METHOD_MATCH = YES;
				COPY_PHASE_STRIP = NO;
				DEBUG_INFORMATION_FORMAT = dwarf;
				ENABLE_STRICT_OBJC_MSGSEND = YES;
				ENABLE_TESTABILITY = YES;
				ENABLE_USER_SCRIPT_SANDBOXING = YES;
				GCC_C_LANGUAGE_STANDARD = gnu17;
				GCC_DYNAMIC_NO_PIC = NO;
				GCC_NO_COMMON_BLOCKS = YES;
				GCC_OPTIMIZATION_LEVEL = 0;
				GCC_PREPROCESSOR_DEFINITIONS = (
					"DEBUG=1",
					"$(inherited)",
				);
				GCC_WARN_64_TO_32_BIT_CONVERSION = YES;
				GCC_WARN_ABOUT_RETURN_TYPE = YES_ERROR;
				GCC_WARN_UNDECLARED_SELECTOR = YES;
				GCC_WARN_UNINITIALIZED_AUTOS = YES_AGGRESSIVE;
				GCC_WARN_UNUSED_FUNCTION = YES;
				GCC_WARN_UNUSED_VARIABLE = YES;
				IPHONEOS_DEPLOYMENT_TARGET = 18.0;
				LOCALIZATION_PREFERS_STRING_CATALOGS = YES;
				MTL_ENABLE_DEBUG_INFO = INCLUDE_SOURCE;
				MTL_FAST_MATH = YES;
				ONLY_ACTIVE_ARCH = YES;
				SDKROOT = iphoneos;
				SWIFT_ACTIVE_COMPILATION_CONDITIONS = "DEBUG $(inherited)";
				SWIFT_OPTIMIZATION_LEVEL = "-Onone";
			};
			name = Debug;
		};
		96348CB22E34DFE900C75FA3 /* Release */ = {
			isa = XCBuildConfiguration;
			buildSettings = {
				ALWAYS_SEARCH_USER_PATHS = NO;
				ASSETCATALOG_COMPILER_GENERATE_SWIFT_ASSET_SYMBOL_EXTENSIONS = YES;
				CLANG_ANALYZER_NONNULL = YES;
				CLANG_ANALYZER_NUMBER_OBJECT_CONVERSION = YES_AGGRESSIVE;
				CLANG_CXX_LANGUAGE_STANDARD = "gnu++20";
				CLANG_ENABLE_MODULES = YES;
				CLANG_ENABLE_OBJC_ARC = YES;
				CLANG_ENABLE_OBJC_WEAK = YES;
				CLANG_WARN_BLOCK_CAPTURE_AUTORELEASING = YES;
				CLANG_WARN_BOOL_CONVERSION = YES;
				CLANG_WARN_COMMA = YES;
				CLANG_WARN_CONSTANT_CONVERSION = YES;
				CLANG_WARN_DEPRECATED_OBJC_IMPLEMENTATIONS = YES;
				CLANG_WARN_DIRECT_OBJC_ISA_USAGE = YES_ERROR;
				CLANG_WARN_DOCUMENTATION_COMMENTS = YES;
				CLANG_WARN_EMPTY_BODY = YES;
				CLANG_WARN_ENUM_CONVERSION = YES;
				CLANG_WARN_INFINITE_RECURSION = YES;
				CLANG_WARN_INT_CONVERSION = YES;
				CLANG_WARN_NON_LITERAL_NULL_CONVERSION = YES;
				CLANG_WARN_OBJC_IMPLICIT_RETAIN_SELF = YES;
				CLANG_WARN_OBJC_LITERAL_CONVERSION = YES;
				CLANG_WARN_OBJC_ROOT_CLASS = YES_ERROR;
				CLANG_WARN_QUOTED_INCLUDE_IN_FRAMEWORK_HEADER = YES;
				CLANG_WARN_RANGE_LOOP_ANALYSIS = YES;
				CLANG_WARN_STRICT_PROTOTYPES = YES;
				CLANG_WARN_SUSPICIOUS_MOVE = YES;
				CLANG_WARN_UNGUARDED_AVAILABILITY = YES_AGGRESSIVE;
				CLANG_WARN_UNREACHABLE_CODE = YES;
				CLANG_WARN__DUPLICATE_METHOD_MATCH = YES;
				COPY_PHASE_STRIP = NO;
				DEBUG_INFORMATION_FORMAT = "dwarf-with-dsym";
				ENABLE_NS_ASSERTIONS = NO;
				ENABLE_STRICT_OBJC_MSGSEND = YES;
				ENABLE_USER_SCRIPT_SANDBOXING = YES;
				GCC_C_LANGUAGE_STANDARD = gnu17;
				GCC_NO_COMMON_BLOCKS = YES;
				GCC_WARN_64_TO_32_BIT_CONVERSION = YES;
				GCC_WARN_ABOUT_RETURN_TYPE = YES_ERROR;
				GCC_WARN_UNDECLARED_SELECTOR = YES;
				GCC_WARN_UNINITIALIZED_AUTOS = YES_AGGRESSIVE;
				GCC_WARN_UNUSED_FUNCTION = YES;
				GCC_WARN_UNUSED_VARIABLE = YES;
				IPHONEOS_DEPLOYMENT_TARGET = 18.0;
				LOCALIZATION_PREFERS_STRING_CATALOGS = YES;
				MTL_ENABLE_DEBUG_INFO = NO;
				MTL_FAST_MATH = YES;
				SDKROOT = iphoneos;
				SWIFT_COMPILATION_MODE = wholemodule;
				VALIDATE_PRODUCT = YES;
			};
			name = Release;
		};
		96348CB42E34DFE900C75FA3 /* Debug */ = {
			isa = XCBuildConfiguration;
			buildSettings = {
				ASSETCATALOG_COMPILER_APPICON_NAME = AppIcon;
				ASSETCATALOG_COMPILER_GLOBAL_ACCENT_COLOR_NAME = AccentColor;
				CODE_SIGN_STYLE = Automatic;
				CURRENT_PROJECT_VERSION = 1;
				DEVELOPMENT_ASSET_PATHS = "\"InstagramStoriesApp/Preview Content\"";
				DEVELOPMENT_TEAM = QM2ZXR6S6G;
				ENABLE_PREVIEWS = YES;
				GENERATE_INFOPLIST_FILE = YES;
				INFOPLIST_KEY_UIApplicationSceneManifest_Generation = YES;
				INFOPLIST_KEY_UIApplicationSupportsIndirectInputEvents = YES;
				INFOPLIST_KEY_UILaunchScreen_Generation = YES;
				INFOPLIST_KEY_UISupportedInterfaceOrientations_iPad = "UIInterfaceOrientationPortrait UIInterfaceOrientationPortraitUpsideDown UIInterfaceOrientationLandscapeLeft UIInterfaceOrientationLandscapeRight";
				INFOPLIST_KEY_UISupportedInterfaceOrientations_iPhone = "UIInterfaceOrientationPortrait UIInterfaceOrientationLandscapeLeft UIInterfaceOrientationLandscapeRight";
				LD_RUNPATH_SEARCH_PATHS = (
					"$(inherited)",
					"@executable_path/Frameworks",
				);
				MARKETING_VERSION = 1.0;
				PRODUCT_BUNDLE_IDENTIFIER = com.instagramstories.app.InstagramStoriesApp;
				PRODUCT_NAME = "$(TARGET_NAME)";
				SWIFT_EMIT_LOC_STRINGS = YES;
				SWIFT_VERSION = 5.0;
				TARGETED_DEVICE_FAMILY = "1,2";
			};
			name = Debug;
		};
		96348CB52E34DFE900C75FA3 /* Release */ = {
			isa = XCBuildConfiguration;
			buildSettings = {
				ASSETCATALOG_COMPILER_APPICON_NAME = AppIcon;
				ASSETCATALOG_COMPILER_GLOBAL_ACCENT_COLOR_NAME = AccentColor;
				CODE_SIGN_STYLE = Automatic;
				CURRENT_PROJECT_VERSION = 1;
				DEVELOPMENT_ASSET_PATHS = "\"InstagramStoriesApp/Preview Content\"";
				DEVELOPMENT_TEAM = QM2ZXR6S6G;
				ENABLE_PREVIEWS = YES;
				GENERATE_INFOPLIST_FILE = YES;
				INFOPLIST_KEY_UIApplicationSceneManifest_Generation = YES;
				INFOPLIST_KEY_UIApplicationSupportsIndirectInputEvents = YES;
				INFOPLIST_KEY_UILaunchScreen_Generation = YES;
				INFOPLIST_KEY_UISupportedInterfaceOrientations_iPad = "UIInterfaceOrientationPortrait UIInterfaceOrientationPortraitUpsideDown UIInterfaceOrientationLandscapeLeft UIInterfaceOrientationLandscapeRight";
				INFOPLIST_KEY_UISupportedInterfaceOrientations_iPhone = "UIInterfaceOrientationPortrait UIInterfaceOrientationLandscapeLeft UIInterfaceOrientationLandscapeRight";
				LD_RUNPATH_SEARCH_PATHS = (
					"$(inherited)",
					"@executable_path/Frameworks",
				);
				MARKETING_VERSION = 1.0;
				PRODUCT_BUNDLE_IDENTIFIER = com.instagramstories.app.InstagramStoriesApp;
				PRODUCT_NAME = "$(TARGET_NAME)";
				SWIFT_EMIT_LOC_STRINGS = YES;
				SWIFT_VERSION = 5.0;
				TARGETED_DEVICE_FAMILY = "1,2";
			};
			name = Release;
		};
		96348CB72E34DFE900C75FA3 /* Debug */ = {
			isa = XCBuildConfiguration;
			buildSettings = {
				BUNDLE_LOADER = "$(TEST_HOST)";
				CODE_SIGN_STYLE = Automatic;
				CURRENT_PROJECT_VERSION = 1;
				DEVELOPMENT_TEAM = QM2ZXR6S6G;
				GENERATE_INFOPLIST_FILE = YES;
				IPHONEOS_DEPLOYMENT_TARGET = 18.0;
				MARKETING_VERSION = 1.0;
				PRODUCT_BUNDLE_IDENTIFIER = com.instagramstories.app.InstagramStoriesAppTests;
				PRODUCT_NAME = "$(TARGET_NAME)";
				SWIFT_EMIT_LOC_STRINGS = NO;
				SWIFT_VERSION = 5.0;
				TARGETED_DEVICE_FAMILY = "1,2";
				TEST_HOST = "$(BUILT_PRODUCTS_DIR)/InstagramStoriesApp.app/$(BUNDLE_EXECUTABLE_FOLDER_PATH)/InstagramStoriesApp";
			};
			name = Debug;
		};
		96348CB82E34DFE900C75FA3 /* Release */ = {
			isa = XCBuildConfiguration;
			buildSettings = {
				BUNDLE_LOADER = "$(TEST_HOST)";
				CODE_SIGN_STYLE = Automatic;
				CURRENT_PROJECT_VERSION = 1;
				DEVELOPMENT_TEAM = QM2ZXR6S6G;
				GENERATE_INFOPLIST_FILE = YES;
				IPHONEOS_DEPLOYMENT_TARGET = 18.0;
				MARKETING_VERSION = 1.0;
				PRODUCT_BUNDLE_IDENTIFIER = com.instagramstories.app.InstagramStoriesAppTests;
				PRODUCT_NAME = "$(TARGET_NAME)";
				SWIFT_EMIT_LOC_STRINGS = NO;
				SWIFT_VERSION = 5.0;
				TARGETED_DEVICE_FAMILY = "1,2";
				TEST_HOST = "$(BUILT_PRODUCTS_DIR)/InstagramStoriesApp.app/$(BUNDLE_EXECUTABLE_FOLDER_PATH)/InstagramStoriesApp";
			};
			name = Release;
		};
		96348CBA2E34DFE900C75FA3 /* Debug */ = {
			isa = XCBuildConfiguration;
			buildSettings = {
				CODE_SIGN_STYLE = Automatic;
				CURRENT_PROJECT_VERSION = 1;
				DEVELOPMENT_TEAM = QM2ZXR6S6G;
				GENERATE_INFOPLIST_FILE = YES;
				MARKETING_VERSION = 1.0;
				PRODUCT_BUNDLE_IDENTIFIER = com.instagramstories.app.InstagramStoriesAppUITests;
				PRODUCT_NAME = "$(TARGET_NAME)";
				SWIFT_EMIT_LOC_STRINGS = NO;
				SWIFT_VERSION = 5.0;
				TARGETED_DEVICE_FAMILY = "1,2";
				TEST_TARGET_NAME = InstagramStoriesApp;
			};
			name = Debug;
		};
		96348CBB2E34DFE900C75FA3 /* Release */ = {
			isa = XCBuildConfiguration;
			buildSettings = {
				CODE_SIGN_STYLE = Automatic;
				CURRENT_PROJECT_VERSION = 1;
				DEVELOPMENT_TEAM = QM2ZXR6S6G;
				GENERATE_INFOPLIST_FILE = YES;
				MARKETING_VERSION = 1.0;
				PRODUCT_BUNDLE_IDENTIFIER = com.instagramstories.app.InstagramStoriesAppUITests;
				PRODUCT_NAME = "$(TARGET_NAME)";
				SWIFT_EMIT_LOC_STRINGS = NO;
				SWIFT_VERSION = 5.0;
				TARGETED_DEVICE_FAMILY = "1,2";
				TEST_TARGET_NAME = InstagramStoriesApp;
			};
			name = Release;
		};
/* End XCBuildConfiguration section */

/* Begin XCConfigurationList section */
		96348C8A2E34DFE700C75FA3 /* Build configuration list for PBXProject "InstagramStoriesApp" */ = {
			isa = XCConfigurationList;
			buildConfigurations = (
				96348CB12E34DFE900C75FA3 /* Debug */,
				96348CB22E34DFE900C75FA3 /* Release */,
			);
			defaultConfigurationIsVisible = 0;
			defaultConfigurationName = Release;
		};
		96348CB32E34DFE900C75FA3 /* Build configuration list for PBXNativeTarget "InstagramStoriesApp" */ = {
			isa = XCConfigurationList;
			buildConfigurations = (
				96348CB42E34DFE900C75FA3 /* Debug */,
				96348CB52E34DFE900C75FA3 /* Release */,
			);
			defaultConfigurationIsVisible = 0;
			defaultConfigurationName = Release;
		};
		96348CB62E34DFE900C75FA3 /* Build configuration list for PBXNativeTarget "InstagramStoriesAppTests" */ = {
			isa = XCConfigurationList;
			buildConfigurations = (
				96348CB72E34DFE900C75FA3 /* Debug */,
				96348CB82E34DFE900C75FA3 /* Release */,
			);
			defaultConfigurationIsVisible = 0;
			defaultConfigurationName = Release;
		};
		96348CB92E34DFE900C75FA3 /* Build configuration list for PBXNativeTarget "InstagramStoriesAppUITests" */ = {
			isa = XCConfigurationList;
			buildConfigurations = (
				96348CBA2E34DFE900C75FA3 /* Debug */,
				96348CBB2E34DFE900C75FA3 /* Release */,
			);
			defaultConfigurationIsVisible = 0;
			defaultConfigurationName = Release;
		};
/* End XCConfigurationList section */
	};
	rootObject = 96348C872E34DFE700C75FA3 /* Project object */;
}
